
Microsoft Visual Studio Solution File, Format Version 12.00
# Visual Studio 15
VisualStudioVersion = 15.0.28307.136
MinimumVisualStudioVersion = 10.0.40219.1
Project("{FAE04EC0-301F-11D3-BF4B-00C04F79EFBC}") = "fetta-fetov-employees", "fetta-fetov-employees\fetta-fetov-employees.csproj", "{D530874A-2859-4922-932F-5C8B24134BF1}"
EndProject
Global
	GlobalSection(SolutionConfigurationPlatforms) = preSolution
		Debug|Any CPU = Debug|Any CPU
		Release|Any CPU = Release|Any CPU
	EndGlobalSection
	GlobalSection(ProjectConfigurationPlatforms) = postSolution
		{D530874A-2859-4922-932F-5C8B24134BF1}.Debug|Any CPU.ActiveCfg = Debug|Any CPU
		{D530874A-2859-4922-932F-5C8B24134BF1}.Debug|Any CPU.Build.0 = Debug|Any CPU
		{D530874A-2859-4922-932F-5C8B24134BF1}.Release|Any CPU.ActiveCfg = Release|Any CPU
		{D530874A-2859-4922-932F-5C8B24134BF1}.Release|Any CPU.Build.0 = Release|Any CPU
	EndGlobalSection
	GlobalSection(SolutionProperties) = preSolution
		HideSolutionNode = FALSE
	EndGlobalSection
	GlobalSection(ExtensibilityGlobals) = postSolution
		SolutionGuid = {485B3878-94DA-4B08-9079-D51FB2FB8F80}
	EndGlobalSection
EndGlobal
